
Microsoft Visual Studio Solution File, Format Version 12.00
# Visual Studio Version 17
VisualStudioVersion = 17.0.31903.59
MinimumVisualStudioVersion = 10.0.40219.1
Project("{2150E333-8FDC-42A3-9474-1A3956D46DE8}") = "src", "src", "{827E0CD3-B72D-47B6-A68D-7590B98EB39B}"
EndProject
Project("{FAE04EC0-301F-11D3-BF4B-00C04F79EFBC}") = "AuctionService", "src\AuctionService\AuctionService.csproj", "{DCE95FA3-6518-4D1E-85ED-EA677D69400C}"
EndProject
Project("{FAE04EC0-301F-11D3-BF4B-00C04F79EFBC}") = "SearchService", "src\SearchService\SearchService.csproj", "{D128A09B-BDED-4326-B324-3D6E8FA2085E}"
EndProject
Project("{FAE04EC0-301F-11D3-BF4B-00C04F79EFBC}") = "Contracts", "src\Contracts\Contracts.csproj", "{654E873D-EF79-4727-85A2-598CB908347C}"
EndProject
Project("{FAE04EC0-301F-11D3-BF4B-00C04F79EFBC}") = "IdentityService", "src\IdentityService\IdentityService.csproj", "{1F6E55D9-83F0-447A-8B19-6447EA80A631}"
EndProject
Project("{FAE04EC0-301F-11D3-BF4B-00C04F79EFBC}") = "GatewayService", "src\GatewayService\GatewayService.csproj", "{450298D8-36EA-48DD-A75A-C4C28676DB4E}"
EndProject
Project("{2150E333-8FDC-42A3-9474-1A3956D46DE8}") = "tests", "tests", "{0AB3BF05-4346-4AA6-1389-037BE0695223}"
EndProject
Project("{FAE04EC0-301F-11D3-BF4B-00C04F79EFBC}") = "AuctionService.UnitTests", "tests\AuctionService.UnitTests\AuctionService.UnitTests.csproj", "{85F8AB2B-783B-41DD-A2A3-8715A76598C4}"
EndProject
Project("{FAE04EC0-301F-11D3-BF4B-00C04F79EFBC}") = "AuctionService.IntegrationTests", "tests\AuctionService.IntegrationTests\AuctionService.IntegrationTests.csproj", "{E2319525-58BB-4EE2-A14A-0BBA40E8F2EA}"
EndProject
Project("{FAE04EC0-301F-11D3-BF4B-00C04F79EFBC}") = "SearchService.IntegrationTests", "tests\SearchService.IntegrationTests\SearchService.IntegrationTests.csproj", "{58DBA5F5-E0A7-4FAF-BD44-D76FC7C9CB5E}"
EndProject
Global
	GlobalSection(SolutionConfigurationPlatforms) = preSolution
		Debug|Any CPU = Debug|Any CPU
		Debug|x64 = Debug|x64
		Debug|x86 = Debug|x86
		Release|Any CPU = Release|Any CPU
		Release|x64 = Release|x64
		Release|x86 = Release|x86
	EndGlobalSection
	GlobalSection(ProjectConfigurationPlatforms) = postSolution
		{DCE95FA3-6518-4D1E-85ED-EA677D69400C}.Debug|Any CPU.ActiveCfg = Debug|Any CPU
		{DCE95FA3-6518-4D1E-85ED-EA677D69400C}.Debug|Any CPU.Build.0 = Debug|Any CPU
		{DCE95FA3-6518-4D1E-85ED-EA677D69400C}.Debug|x64.ActiveCfg = Debug|Any CPU
		{DCE95FA3-6518-4D1E-85ED-EA677D69400C}.Debug|x64.Build.0 = Debug|Any CPU
		{DCE95FA3-6518-4D1E-85ED-EA677D69400C}.Debug|x86.ActiveCfg = Debug|Any CPU
		{DCE95FA3-6518-4D1E-85ED-EA677D69400C}.Debug|x86.Build.0 = Debug|Any CPU
		{DCE95FA3-6518-4D1E-85ED-EA677D69400C}.Release|Any CPU.ActiveCfg = Release|Any CPU
		{DCE95FA3-6518-4D1E-85ED-EA677D69400C}.Release|Any CPU.Build.0 = Release|Any CPU
		{DCE95FA3-6518-4D1E-85ED-EA677D69400C}.Release|x64.ActiveCfg = Release|Any CPU
		{DCE95FA3-6518-4D1E-85ED-EA677D69400C}.Release|x64.Build.0 = Release|Any CPU
		{DCE95FA3-6518-4D1E-85ED-EA677D69400C}.Release|x86.ActiveCfg = Release|Any CPU
		{DCE95FA3-6518-4D1E-85ED-EA677D69400C}.Release|x86.Build.0 = Release|Any CPU
		{D128A09B-BDED-4326-B324-3D6E8FA2085E}.Debug|Any CPU.ActiveCfg = Debug|Any CPU
		{D128A09B-BDED-4326-B324-3D6E8FA2085E}.Debug|Any CPU.Build.0 = Debug|Any CPU
		{D128A09B-BDED-4326-B324-3D6E8FA2085E}.Debug|x64.ActiveCfg = Debug|Any CPU
		{D128A09B-BDED-4326-B324-3D6E8FA2085E}.Debug|x64.Build.0 = Debug|Any CPU
		{D128A09B-BDED-4326-B324-3D6E8FA2085E}.Debug|x86.ActiveCfg = Debug|Any CPU
		{D128A09B-BDED-4326-B324-3D6E8FA2085E}.Debug|x86.Build.0 = Debug|Any CPU
		{D128A09B-BDED-4326-B324-3D6E8FA2085E}.Release|Any CPU.ActiveCfg = Release|Any CPU
		{D128A09B-BDED-4326-B324-3D6E8FA2085E}.Release|Any CPU.Build.0 = Release|Any CPU
		{D128A09B-BDED-4326-B324-3D6E8FA2085E}.Release|x64.ActiveCfg = Release|Any CPU
		{D128A09B-BDED-4326-B324-3D6E8FA2085E}.Release|x64.Build.0 = Release|Any CPU
		{D128A09B-BDED-4326-B324-3D6E8FA2085E}.Release|x86.ActiveCfg = Release|Any CPU
		{D128A09B-BDED-4326-B324-3D6E8FA2085E}.Release|x86.Build.0 = Release|Any CPU
		{654E873D-EF79-4727-85A2-598CB908347C}.Debug|Any CPU.ActiveCfg = Debug|Any CPU
		{654E873D-EF79-4727-85A2-598CB908347C}.Debug|Any CPU.Build.0 = Debug|Any CPU
		{654E873D-EF79-4727-85A2-598CB908347C}.Debug|x64.ActiveCfg = Debug|Any CPU
		{654E873D-EF79-4727-85A2-598CB908347C}.Debug|x64.Build.0 = Debug|Any CPU
		{654E873D-EF79-4727-85A2-598CB908347C}.Debug|x86.ActiveCfg = Debug|Any CPU
		{654E873D-EF79-4727-85A2-598CB908347C}.Debug|x86.Build.0 = Debug|Any CPU
		{654E873D-EF79-4727-85A2-598CB908347C}.Release|Any CPU.ActiveCfg = Release|Any CPU
		{654E873D-EF79-4727-85A2-598CB908347C}.Release|Any CPU.Build.0 = Release|Any CPU
		{654E873D-EF79-4727-85A2-598CB908347C}.Release|x64.ActiveCfg = Release|Any CPU
		{654E873D-EF79-4727-85A2-598CB908347C}.Release|x64.Build.0 = Release|Any CPU
		{654E873D-EF79-4727-85A2-598CB908347C}.Release|x86.ActiveCfg = Release|Any CPU
		{654E873D-EF79-4727-85A2-598CB908347C}.Release|x86.Build.0 = Release|Any CPU
		{1F6E55D9-83F0-447A-8B19-6447EA80A631}.Debug|Any CPU.ActiveCfg = Debug|Any CPU
		{1F6E55D9-83F0-447A-8B19-6447EA80A631}.Debug|Any CPU.Build.0 = Debug|Any CPU
		{1F6E55D9-83F0-447A-8B19-6447EA80A631}.Debug|x64.ActiveCfg = Debug|Any CPU
		{1F6E55D9-83F0-447A-8B19-6447EA80A631}.Debug|x64.Build.0 = Debug|Any CPU
		{1F6E55D9-83F0-447A-8B19-6447EA80A631}.Debug|x86.ActiveCfg = Debug|Any CPU
		{1F6E55D9-83F0-447A-8B19-6447EA80A631}.Debug|x86.Build.0 = Debug|Any CPU
		{1F6E55D9-83F0-447A-8B19-6447EA80A631}.Release|Any CPU.ActiveCfg = Release|Any CPU
		{1F6E55D9-83F0-447A-8B19-6447EA80A631}.Release|Any CPU.Build.0 = Release|Any CPU
		{1F6E55D9-83F0-447A-8B19-6447EA80A631}.Release|x64.ActiveCfg = Release|Any CPU
		{1F6E55D9-83F0-447A-8B19-6447EA80A631}.Release|x64.Build.0 = Release|Any CPU
		{1F6E55D9-83F0-447A-8B19-6447EA80A631}.Release|x86.ActiveCfg = Release|Any CPU
		{1F6E55D9-83F0-447A-8B19-6447EA80A631}.Release|x86.Build.0 = Release|Any CPU
		{450298D8-36EA-48DD-A75A-C4C28676DB4E}.Debug|Any CPU.ActiveCfg = Debug|Any CPU
		{450298D8-36EA-48DD-A75A-C4C28676DB4E}.Debug|Any CPU.Build.0 = Debug|Any CPU
		{450298D8-36EA-48DD-A75A-C4C28676DB4E}.Debug|x64.ActiveCfg = Debug|Any CPU
		{450298D8-36EA-48DD-A75A-C4C28676DB4E}.Debug|x64.Build.0 = Debug|Any CPU
		{450298D8-36EA-48DD-A75A-C4C28676DB4E}.Debug|x86.ActiveCfg = Debug|Any CPU
		{450298D8-36EA-48DD-A75A-C4C28676DB4E}.Debug|x86.Build.0 = Debug|Any CPU
		{450298D8-36EA-48DD-A75A-C4C28676DB4E}.Release|Any CPU.ActiveCfg = Release|Any CPU
		{450298D8-36EA-48DD-A75A-C4C28676DB4E}.Release|Any CPU.Build.0 = Release|Any CPU
		{450298D8-36EA-48DD-A75A-C4C28676DB4E}.Release|x64.ActiveCfg = Release|Any CPU
		{450298D8-36EA-48DD-A75A-C4C28676DB4E}.Release|x64.Build.0 = Release|Any CPU
		{450298D8-36EA-48DD-A75A-C4C28676DB4E}.Release|x86.ActiveCfg = Release|Any CPU
		{450298D8-36EA-48DD-A75A-C4C28676DB4E}.Release|x86.Build.0 = Release|Any CPU
		{85F8AB2B-783B-41DD-A2A3-8715A76598C4}.Debug|Any CPU.ActiveCfg = Debug|Any CPU
		{85F8AB2B-783B-41DD-A2A3-8715A76598C4}.Debug|Any CPU.Build.0 = Debug|Any CPU
		{85F8AB2B-783B-41DD-A2A3-8715A76598C4}.Debug|x64.ActiveCfg = Debug|Any CPU
		{85F8AB2B-783B-41DD-A2A3-8715A76598C4}.Debug|x64.Build.0 = Debug|Any CPU
		{85F8AB2B-783B-41DD-A2A3-8715A76598C4}.Debug|x86.ActiveCfg = Debug|Any CPU
		{85F8AB2B-783B-41DD-A2A3-8715A76598C4}.Debug|x86.Build.0 = Debug|Any CPU
		{85F8AB2B-783B-41DD-A2A3-8715A76598C4}.Release|Any CPU.ActiveCfg = Release|Any CPU
		{85F8AB2B-783B-41DD-A2A3-8715A76598C4}.Release|Any CPU.Build.0 = Release|Any CPU
		{85F8AB2B-783B-41DD-A2A3-8715A76598C4}.Release|x64.ActiveCfg = Release|Any CPU
		{85F8AB2B-783B-41DD-A2A3-8715A76598C4}.Release|x64.Build.0 = Release|Any CPU
		{85F8AB2B-783B-41DD-A2A3-8715A76598C4}.Release|x86.ActiveCfg = Release|Any CPU
		{85F8AB2B-783B-41DD-A2A3-8715A76598C4}.Release|x86.Build.0 = Release|Any CPU
		{E2319525-58BB-4EE2-A14A-0BBA40E8F2EA}.Debug|Any CPU.ActiveCfg = Debug|Any CPU
		{E2319525-58BB-4EE2-A14A-0BBA40E8F2EA}.Debug|Any CPU.Build.0 = Debug|Any CPU
		{E2319525-58BB-4EE2-A14A-0BBA40E8F2EA}.Debug|x64.ActiveCfg = Debug|Any CPU
		{E2319525-58BB-4EE2-A14A-0BBA40E8F2EA}.Debug|x64.Build.0 = Debug|Any CPU
		{E2319525-58BB-4EE2-A14A-0BBA40E8F2EA}.Debug|x86.ActiveCfg = Debug|Any CPU
		{E2319525-58BB-4EE2-A14A-0BBA40E8F2EA}.Debug|x86.Build.0 = Debug|Any CPU
		{E2319525-58BB-4EE2-A14A-0BBA40E8F2EA}.Release|Any CPU.ActiveCfg = Release|Any CPU
		{E2319525-58BB-4EE2-A14A-0BBA40E8F2EA}.Release|Any CPU.Build.0 = Release|Any CPU
		{E2319525-58BB-4EE2-A14A-0BBA40E8F2EA}.Release|x64.ActiveCfg = Release|Any CPU
		{E2319525-58BB-4EE2-A14A-0BBA40E8F2EA}.Release|x64.Build.0 = Release|Any CPU
		{E2319525-58BB-4EE2-A14A-0BBA40E8F2EA}.Release|x86.ActiveCfg = Release|Any CPU
		{E2319525-58BB-4EE2-A14A-0BBA40E8F2EA}.Release|x86.Build.0 = Release|Any CPU
		{58DBA5F5-E0A7-4FAF-BD44-D76FC7C9CB5E}.Debug|Any CPU.ActiveCfg = Debug|Any CPU
		{58DBA5F5-E0A7-4FAF-BD44-D76FC7C9CB5E}.Debug|Any CPU.Build.0 = Debug|Any CPU
		{58DBA5F5-E0A7-4FAF-BD44-D76FC7C9CB5E}.Debug|x64.ActiveCfg = Debug|Any CPU
		{58DBA5F5-E0A7-4FAF-BD44-D76FC7C9CB5E}.Debug|x64.Build.0 = Debug|Any CPU
		{58DBA5F5-E0A7-4FAF-BD44-D76FC7C9CB5E}.Debug|x86.ActiveCfg = Debug|Any CPU
		{58DBA5F5-E0A7-4FAF-BD44-D76FC7C9CB5E}.Debug|x86.Build.0 = Debug|Any CPU
		{58DBA5F5-E0A7-4FAF-BD44-D76FC7C9CB5E}.Release|Any CPU.ActiveCfg = Release|Any CPU
		{58DBA5F5-E0A7-4FAF-BD44-D76FC7C9CB5E}.Release|Any CPU.Build.0 = Release|Any CPU
		{58DBA5F5-E0A7-4FAF-BD44-D76FC7C9CB5E}.Release|x64.ActiveCfg = Release|Any CPU
		{58DBA5F5-E0A7-4FAF-BD44-D76FC7C9CB5E}.Release|x64.Build.0 = Release|Any CPU
		{58DBA5F5-E0A7-4FAF-BD44-D76FC7C9CB5E}.Release|x86.ActiveCfg = Release|Any CPU
		{58DBA5F5-E0A7-4FAF-BD44-D76FC7C9CB5E}.Release|x86.Build.0 = Release|Any CPU
	EndGlobalSection
	GlobalSection(SolutionProperties) = preSolution
		HideSolutionNode = FALSE
	EndGlobalSection
	GlobalSection(NestedProjects) = preSolution
		{DCE95FA3-6518-4D1E-85ED-EA677D69400C} = {827E0CD3-B72D-47B6-A68D-7590B98EB39B}
		{D128A09B-BDED-4326-B324-3D6E8FA2085E} = {827E0CD3-B72D-47B6-A68D-7590B98EB39B}
		{654E873D-EF79-4727-85A2-598CB908347C} = {827E0CD3-B72D-47B6-A68D-7590B98EB39B}
		{1F6E55D9-83F0-447A-8B19-6447EA80A631} = {827E0CD3-B72D-47B6-A68D-7590B98EB39B}
		{450298D8-36EA-48DD-A75A-C4C28676DB4E} = {827E0CD3-B72D-47B6-A68D-7590B98EB39B}
		{85F8AB2B-783B-41DD-A2A3-8715A76598C4} = {0AB3BF05-4346-4AA6-1389-037BE0695223}
		{E2319525-58BB-4EE2-A14A-0BBA40E8F2EA} = {0AB3BF05-4346-4AA6-1389-037BE0695223}
		{58DBA5F5-E0A7-4FAF-BD44-D76FC7C9CB5E} = {0AB3BF05-4346-4AA6-1389-037BE0695223}
	EndGlobalSection
EndGlobal
